
Microsoft Visual Studio Solution File, Format Version 12.00
# Visual Studio Version 17
VisualStudioVersion = 17.4.33122.133
MinimumVisualStudioVersion = 10.0.40219.1
Project("{9A19103F-16F7-4668-BE54-9A1E7A4F7556}") = "RiseTechnology.Assesment.CoinPrices.DataApi", "RiseTechnology.Assesment.CoinPrices.DataApi\RiseTechnology.Assesment.CoinPrices.DataApi.csproj", "{E7475D5B-9CFB-476D-8C89-093096DE599E}"
EndProject
Project("{2150E333-8FDC-42A3-9474-1A3956D46DE8}") = "APP", "APP", "{BCAECD3C-34A7-4C45-AD86-F1F4AE5B3B2A}"
EndProject
Project("{9A19103F-16F7-4668-BE54-9A1E7A4F7556}") = "RiseTechnology.Assesment.CoinPrices.WebApplication", "RiseTechnology.Assesment.CoinPrices.WebApplication\RiseTechnology.Assesment.CoinPrices.WebApplication.csproj", "{06C89946-3B82-48CB-A941-D594E9606EC5}"
EndProject
Project("{2150E333-8FDC-42A3-9474-1A3956D46DE8}") = "DATA", "DATA", "{FF7E440C-6F83-4F00-8FF9-A4D37B6F4ECA}"
EndProject
Project("{9A19103F-16F7-4668-BE54-9A1E7A4F7556}") = "RiseTechnology.Assesment.CoinPrices.Data.Dto", "RiseTechnology.Assesment.CoinPrices.Data.Dto\RiseTechnology.Assesment.CoinPrices.Data.Dto.csproj", "{B94A0924-1480-4C6A-ACBE-BE347C31F39A}"
EndProject
Project("{2150E333-8FDC-42A3-9474-1A3956D46DE8}") = "CORE", "CORE", "{B216B54A-BB55-45EC-A44E-083B6CA342AF}"
EndProject
Project("{9A19103F-16F7-4668-BE54-9A1E7A4F7556}") = "RiseTechnology.Assesment.CoinPrices.Core", "RiseTechnology.Assesment.CoinPrices.Core\RiseTechnology.Assesment.CoinPrices.Core.csproj", "{B8B93435-D2B5-454F-8023-4A71D086963C}"
EndProject
Project("{9A19103F-16F7-4668-BE54-9A1E7A4F7556}") = "RiseTechnology.Assesment.CoinPrices.Data", "RiseTechnology.Assesment.CoinPrices.Data\RiseTechnology.Assesment.CoinPrices.Data.csproj", "{F0B9B0F2-3EBC-47CD-9FC2-4F2032C7595F}"
EndProject
Project("{9A19103F-16F7-4668-BE54-9A1E7A4F7556}") = "RiseTechnology.Assesment.CoinPrices.Data.Model", "RiseTechnology.Assesment.CoinPrices.Data.Model\RiseTechnology.Assesment.CoinPrices.Data.Model.csproj", "{3E28E8FB-4208-452B-9503-A3E973730D23}"
EndProject
Project("{2150E333-8FDC-42A3-9474-1A3956D46DE8}") = "BUSINESS", "BUSINESS", "{C12442AB-BB62-45D1-8575-8EA5AD0D93B6}"
EndProject
Project("{9A19103F-16F7-4668-BE54-9A1E7A4F7556}") = "RiseTechnology.Assesment.CoinPrices.Business", "RiseTechnology.Assesment.CoinPrices.Business\RiseTechnology.Assesment.CoinPrices.Business.csproj", "{CD2CA9D1-61B1-48A1-8D92-1819B5E4B8D6}"
EndProject
Project("{2150E333-8FDC-42A3-9474-1A3956D46DE8}") = "TESTS", "TESTS", "{81E109B8-3E19-442A-A38B-B09CCB89ABF0}"
EndProject
Project("{9A19103F-16F7-4668-BE54-9A1E7A4F7556}") = "RiseTechnology.Assesment.CoinPrices.Business.Tests", "RiseTechnology.Assesment.CoinPrices.Business.Tests\RiseTechnology.Assesment.CoinPrices.Business.Tests.csproj", "{289BC793-DBDC-45AD-B121-0654B4244F19}"
EndProject
Project("{2150E333-8FDC-42A3-9474-1A3956D46DE8}") = "MAPPING", "MAPPING", "{E4A77719-27BC-45A6-9E38-967C1ED5D8AB}"
EndProject
Project("{9A19103F-16F7-4668-BE54-9A1E7A4F7556}") = "RiseTechnology.Assesment.CoinPrices.Mapping.Configurations", "RiseTechnology.Assesment.CoinPrices.Mapping.Configurations\RiseTechnology.Assesment.CoinPrices.Mapping.Configurations.csproj", "{659228E2-1EB4-4546-9648-FB96003AD203}"
EndProject
Project("{2150E333-8FDC-42A3-9474-1A3956D46DE8}") = "RULES", "RULES", "{03966B3A-D31B-41BF-868B-13ACEBF1D0E9}"
EndProject
Project("{9A19103F-16F7-4668-BE54-9A1E7A4F7556}") = "RiseTechnology.Assesment.CoinPrices.Rules.Configurations", "RiseTechnology.Assesment.CoinPrices.Rules.Configurations\RiseTechnology.Assesment.CoinPrices.Rules.Configurations.csproj", "{D26C915E-2F3F-45F5-AAE9-EFC9882E3BA3}"
EndProject
Project("{9A19103F-16F7-4668-BE54-9A1E7A4F7556}") = "RiseTechnology.Assesment.CoinPrices.Business.Abstract", "RiseTechnology.Assesment.CoinPrices.Business.Abstract\RiseTechnology.Assesment.CoinPrices.Business.Abstract.csproj", "{9EAA3C86-E30B-4369-AAED-758DEC20A740}"
EndProject
Project("{2150E333-8FDC-42A3-9474-1A3956D46DE8}") = "INTEGRATIONS", "INTEGRATIONS", "{A84A8323-B790-45D4-9CDC-630B7C662046}"
EndProject
Project("{9A19103F-16F7-4668-BE54-9A1E7A4F7556}") = "RiseTechnology.Assesment.CoinPrices.Integrations.BinanceImpl", "RiseTechnology.Assesment.CoinPrices.Integrations.BinanceImpl\RiseTechnology.Assesment.CoinPrices.Integrations.BinanceImpl.csproj", "{B64743CB-59A9-4CA7-99FE-D6C6E8587D27}"
EndProject
Project("{9A19103F-16F7-4668-BE54-9A1E7A4F7556}") = "RiseTechnology.Assesment.CoinPrices.Integrations.HostApp", "RiseTechnology.Assesment.CoinPrices.Integrations.HostApp\RiseTechnology.Assesment.CoinPrices.Integrations.HostApp.csproj", "{0E1F02CC-B61A-4E7C-BF25-F995AE8421E4}"
EndProject
Project("{FAE04EC0-301F-11D3-BF4B-00C04F79EFBC}") = "RiseTechnology.Assesment.CoinPrices.ShowcaseWebApplication", "RiseTechnology.Assesment.CoinPrices.ShowcaseWebApplication\RiseTechnology.Assesment.CoinPrices.ShowcaseWebApplication.csproj", "{FA4F05B7-FBDD-4A88-9FA7-6064DC1BC767}"
EndProject
Global
	GlobalSection(SolutionConfigurationPlatforms) = preSolution
		Debug|Any CPU = Debug|Any CPU
		Release|Any CPU = Release|Any CPU
	EndGlobalSection
	GlobalSection(ProjectConfigurationPlatforms) = postSolution
		{E7475D5B-9CFB-476D-8C89-093096DE599E}.Debug|Any CPU.ActiveCfg = Debug|Any CPU
		{E7475D5B-9CFB-476D-8C89-093096DE599E}.Debug|Any CPU.Build.0 = Debug|Any CPU
		{E7475D5B-9CFB-476D-8C89-093096DE599E}.Release|Any CPU.ActiveCfg = Release|Any CPU
		{E7475D5B-9CFB-476D-8C89-093096DE599E}.Release|Any CPU.Build.0 = Release|Any CPU
		{06C89946-3B82-48CB-A941-D594E9606EC5}.Debug|Any CPU.ActiveCfg = Debug|Any CPU
		{06C89946-3B82-48CB-A941-D594E9606EC5}.Debug|Any CPU.Build.0 = Debug|Any CPU
		{06C89946-3B82-48CB-A941-D594E9606EC5}.Release|Any CPU.ActiveCfg = Release|Any CPU
		{06C89946-3B82-48CB-A941-D594E9606EC5}.Release|Any CPU.Build.0 = Release|Any CPU
		{B94A0924-1480-4C6A-ACBE-BE347C31F39A}.Debug|Any CPU.ActiveCfg = Debug|Any CPU
		{B94A0924-1480-4C6A-ACBE-BE347C31F39A}.Debug|Any CPU.Build.0 = Debug|Any CPU
		{B94A0924-1480-4C6A-ACBE-BE347C31F39A}.Release|Any CPU.ActiveCfg = Release|Any CPU
		{B94A0924-1480-4C6A-ACBE-BE347C31F39A}.Release|Any CPU.Build.0 = Release|Any CPU
		{B8B93435-D2B5-454F-8023-4A71D086963C}.Debug|Any CPU.ActiveCfg = Debug|Any CPU
		{B8B93435-D2B5-454F-8023-4A71D086963C}.Debug|Any CPU.Build.0 = Debug|Any CPU
		{B8B93435-D2B5-454F-8023-4A71D086963C}.Release|Any CPU.ActiveCfg = Release|Any CPU
		{B8B93435-D2B5-454F-8023-4A71D086963C}.Release|Any CPU.Build.0 = Release|Any CPU
		{F0B9B0F2-3EBC-47CD-9FC2-4F2032C7595F}.Debug|Any CPU.ActiveCfg = Debug|Any CPU
		{F0B9B0F2-3EBC-47CD-9FC2-4F2032C7595F}.Debug|Any CPU.Build.0 = Debug|Any CPU
		{F0B9B0F2-3EBC-47CD-9FC2-4F2032C7595F}.Release|Any CPU.ActiveCfg = Release|Any CPU
		{F0B9B0F2-3EBC-47CD-9FC2-4F2032C7595F}.Release|Any CPU.Build.0 = Release|Any CPU
		{3E28E8FB-4208-452B-9503-A3E973730D23}.Debug|Any CPU.ActiveCfg = Debug|Any CPU
		{3E28E8FB-4208-452B-9503-A3E973730D23}.Debug|Any CPU.Build.0 = Debug|Any CPU
		{3E28E8FB-4208-452B-9503-A3E973730D23}.Release|Any CPU.ActiveCfg = Release|Any CPU
		{3E28E8FB-4208-452B-9503-A3E973730D23}.Release|Any CPU.Build.0 = Release|Any CPU
		{CD2CA9D1-61B1-48A1-8D92-1819B5E4B8D6}.Debug|Any CPU.ActiveCfg = Debug|Any CPU
		{CD2CA9D1-61B1-48A1-8D92-1819B5E4B8D6}.Debug|Any CPU.Build.0 = Debug|Any CPU
		{CD2CA9D1-61B1-48A1-8D92-1819B5E4B8D6}.Release|Any CPU.ActiveCfg = Release|Any CPU
		{CD2CA9D1-61B1-48A1-8D92-1819B5E4B8D6}.Release|Any CPU.Build.0 = Release|Any CPU
		{289BC793-DBDC-45AD-B121-0654B4244F19}.Debug|Any CPU.ActiveCfg = Debug|Any CPU
		{289BC793-DBDC-45AD-B121-0654B4244F19}.Debug|Any CPU.Build.0 = Debug|Any CPU
		{289BC793-DBDC-45AD-B121-0654B4244F19}.Release|Any CPU.ActiveCfg = Release|Any CPU
		{289BC793-DBDC-45AD-B121-0654B4244F19}.Release|Any CPU.Build.0 = Release|Any CPU
		{659228E2-1EB4-4546-9648-FB96003AD203}.Debug|Any CPU.ActiveCfg = Debug|Any CPU
		{659228E2-1EB4-4546-9648-FB96003AD203}.Debug|Any CPU.Build.0 = Debug|Any CPU
		{659228E2-1EB4-4546-9648-FB96003AD203}.Release|Any CPU.ActiveCfg = Release|Any CPU
		{659228E2-1EB4-4546-9648-FB96003AD203}.Release|Any CPU.Build.0 = Release|Any CPU
		{D26C915E-2F3F-45F5-AAE9-EFC9882E3BA3}.Debug|Any CPU.ActiveCfg = Debug|Any CPU
		{D26C915E-2F3F-45F5-AAE9-EFC9882E3BA3}.Debug|Any CPU.Build.0 = Debug|Any CPU
		{D26C915E-2F3F-45F5-AAE9-EFC9882E3BA3}.Release|Any CPU.ActiveCfg = Release|Any CPU
		{D26C915E-2F3F-45F5-AAE9-EFC9882E3BA3}.Release|Any CPU.Build.0 = Release|Any CPU
		{9EAA3C86-E30B-4369-AAED-758DEC20A740}.Debug|Any CPU.ActiveCfg = Debug|Any CPU
		{9EAA3C86-E30B-4369-AAED-758DEC20A740}.Debug|Any CPU.Build.0 = Debug|Any CPU
		{9EAA3C86-E30B-4369-AAED-758DEC20A740}.Release|Any CPU.ActiveCfg = Release|Any CPU
		{9EAA3C86-E30B-4369-AAED-758DEC20A740}.Release|Any CPU.Build.0 = Release|Any CPU
		{B64743CB-59A9-4CA7-99FE-D6C6E8587D27}.Debug|Any CPU.ActiveCfg = Debug|Any CPU
		{B64743CB-59A9-4CA7-99FE-D6C6E8587D27}.Debug|Any CPU.Build.0 = Debug|Any CPU
		{B64743CB-59A9-4CA7-99FE-D6C6E8587D27}.Release|Any CPU.ActiveCfg = Release|Any CPU
		{B64743CB-59A9-4CA7-99FE-D6C6E8587D27}.Release|Any CPU.Build.0 = Release|Any CPU
		{0E1F02CC-B61A-4E7C-BF25-F995AE8421E4}.Debug|Any CPU.ActiveCfg = Debug|Any CPU
		{0E1F02CC-B61A-4E7C-BF25-F995AE8421E4}.Debug|Any CPU.Build.0 = Debug|Any CPU
		{0E1F02CC-B61A-4E7C-BF25-F995AE8421E4}.Release|Any CPU.ActiveCfg = Release|Any CPU
		{0E1F02CC-B61A-4E7C-BF25-F995AE8421E4}.Release|Any CPU.Build.0 = Release|Any CPU
		{FA4F05B7-FBDD-4A88-9FA7-6064DC1BC767}.Debug|Any CPU.ActiveCfg = Debug|Any CPU
		{FA4F05B7-FBDD-4A88-9FA7-6064DC1BC767}.Debug|Any CPU.Build.0 = Debug|Any CPU
		{FA4F05B7-FBDD-4A88-9FA7-6064DC1BC767}.Release|Any CPU.ActiveCfg = Release|Any CPU
		{FA4F05B7-FBDD-4A88-9FA7-6064DC1BC767}.Release|Any CPU.Build.0 = Release|Any CPU
	EndGlobalSection
	GlobalSection(SolutionProperties) = preSolution
		HideSolutionNode = FALSE
	EndGlobalSection
	GlobalSection(NestedProjects) = preSolution
		{E7475D5B-9CFB-476D-8C89-093096DE599E} = {BCAECD3C-34A7-4C45-AD86-F1F4AE5B3B2A}
		{06C89946-3B82-48CB-A941-D594E9606EC5} = {BCAECD3C-34A7-4C45-AD86-F1F4AE5B3B2A}
		{B94A0924-1480-4C6A-ACBE-BE347C31F39A} = {FF7E440C-6F83-4F00-8FF9-A4D37B6F4ECA}
		{B8B93435-D2B5-454F-8023-4A71D086963C} = {B216B54A-BB55-45EC-A44E-083B6CA342AF}
		{F0B9B0F2-3EBC-47CD-9FC2-4F2032C7595F} = {FF7E440C-6F83-4F00-8FF9-A4D37B6F4ECA}
		{3E28E8FB-4208-452B-9503-A3E973730D23} = {FF7E440C-6F83-4F00-8FF9-A4D37B6F4ECA}
		{CD2CA9D1-61B1-48A1-8D92-1819B5E4B8D6} = {C12442AB-BB62-45D1-8575-8EA5AD0D93B6}
		{289BC793-DBDC-45AD-B121-0654B4244F19} = {81E109B8-3E19-442A-A38B-B09CCB89ABF0}
		{659228E2-1EB4-4546-9648-FB96003AD203} = {E4A77719-27BC-45A6-9E38-967C1ED5D8AB}
		{D26C915E-2F3F-45F5-AAE9-EFC9882E3BA3} = {03966B3A-D31B-41BF-868B-13ACEBF1D0E9}
		{9EAA3C86-E30B-4369-AAED-758DEC20A740} = {C12442AB-BB62-45D1-8575-8EA5AD0D93B6}
		{B64743CB-59A9-4CA7-99FE-D6C6E8587D27} = {A84A8323-B790-45D4-9CDC-630B7C662046}
		{0E1F02CC-B61A-4E7C-BF25-F995AE8421E4} = {BCAECD3C-34A7-4C45-AD86-F1F4AE5B3B2A}
		{FA4F05B7-FBDD-4A88-9FA7-6064DC1BC767} = {BCAECD3C-34A7-4C45-AD86-F1F4AE5B3B2A}
	EndGlobalSection
	GlobalSection(ExtensibilityGlobals) = postSolution
		SolutionGuid = {2FAE0051-225E-455B-9016-9B7EF8B6BC12}
	EndGlobalSection
EndGlobal
